PODS:
  - CocoaLumberjack (2.0.0-beta2):
    - CocoaLumberjack/CLI
    - CocoaLumberjack/Core
    - CocoaLumberjack/Extensions
  - CocoaLumberjack/CLI (2.0.0-beta2):
    - CocoaLumberjack/Core
  - CocoaLumberjack/Core (2.0.0-beta2)
  - CocoaLumberjack/Extensions (2.0.0-beta2):
    - CocoaLumberjack/Core
  - Kiwi (2.3.0)
  - Typhoon (2.2.1):
    - Typhoon/no-arc
  - Typhoon/no-arc (2.2.1)

DEPENDENCIES:
  - CocoaLumberjack
  - Kiwi
  - Typhoon

SPEC CHECKSUMS:
  CocoaLumberjack: 956d3fb98fed498a13d56499f262c975ef431c98
  Kiwi: 54bece5b35564d9b8e03c608d926f1a22fcfc589
  Typhoon: 9b807bc020c4945824ee19130bb11fb3ef5eaea8

COCOAPODS: 0.34.2
