PODS:
  - CocoaLumberjack (2.0.0-beta4):
    - CocoaLumberjack/Default
    - CocoaLumberjack/Extensions
  - CocoaLumberjack/Core (2.0.0-beta4)
  - CocoaLumberjack/Default (2.0.0-beta4):
    - CocoaLumberjack/Core
  - CocoaLumberjack/Extensions (2.0.0-beta4):
    - CocoaLumberjack/Default
  - Kiwi (2.3.1)
  - Typhoon (2.3.0):
    - Typhoon/no-arc
  - Typhoon/no-arc (2.3.0)

DEPENDENCIES:
  - CocoaLumberjack
  - Kiwi
  - Typhoon

SPEC CHECKSUMS:
  CocoaLumberjack: 24153b24b17d853d7182b22b128971fb98e8cb18
  Kiwi: 73e1400209055ee9c8ba78c6012b6b642d0fb9f7
  Typhoon: ee9b8c034b11746f8024a0487965c04965a6a4ee

COCOAPODS: 0.34.2
